{
  "name": "@teamx-ai/dsh-plugin",
  "version": "0.1.0",
  "lockfileVersion": 3,
  "requires": true,
  "packages": {
    "": {
      "name": "@teamx-ai/dsh-plugin",
      "version": "0.1.0",
      "license": "MIT",
      "dependencies": {
        "ws": "^8.21.0"
      },
      "devDependencies": {
        "@deepseek-ai/cordis": "file:../deepseek-harness/vendor/cordis",
        "@deepseek-ai/dsh-agent": "file:../deepseek-harness/packages/core/agent",
        "@deepseek-ai/dsh-agent-loop": "file:../deepseek-harness/packages/core/agent-loop",
        "@deepseek-ai/dsh-commands": "file:../deepseek-harness/packages/interaction/commands",
        "@deepseek-ai/dsh-session": "file:../deepseek-harness/packages/core/session",
        "@deepseek-ai/dsh-system-prompt": "file:../deepseek-harness/packages/core/system-prompt",
        "@deepseek-ai/dsh-tools": "file:../deepseek-harness/packages/core/tools",
        "@deepseek-ai/schemastery": "file:../deepseek-harness/vendor/schemastery",
        "@types/ws": "^8.5.0",
        "typescript": "^5.6.0",
        "zod": "^4.4.3"
      },
      "peerDependencies": {
        "@deepseek-ai/cordis": "workspace:^",
        "@deepseek-ai/dsh-agent": "workspace:^",
        "@deepseek-ai/dsh-commands": "workspace:^",
        "@deepseek-ai/dsh-session": "workspace:^",
        "@deepseek-ai/dsh-system-prompt": "workspace:^",
        "@deepseek-ai/dsh-tools": "workspace:^",
        "@deepseek-ai/schemastery": "workspace:^",
        "zod": "^4.4.3"
      }
    },
    "../deepseek-harness/packages/core/agent": {
      "dev": true
    },
    "../deepseek-harness/packages/core/agent-loop": {
      "dev": true
    },
    "../deepseek-harness/packages/core/session": {
      "dev": true
    },
    "../deepseek-harness/packages/core/system-prompt": {
      "dev": true
    },
    "../deepseek-harness/packages/core/tools": {
      "dev": true
    },
    "../deepseek-harness/packages/interaction/commands": {
      "dev": true
    },
    "../deepseek-harness/vendor/cordis": {
      "dev": true
    },
    "../deepseek-harness/vendor/schemastery": {
      "dev": true
    },
    "node_modules/@deepseek-ai/cordis": {
      "resolved": "../deepseek-harness/vendor/cordis",
      "link": true
    },
    "node_modules/@deepseek-ai/dsh-agent": {
      "resolved": "../deepseek-harness/packages/core/agent",
      "link": true
    },
    "node_modules/@deepseek-ai/dsh-agent-loop": {
      "resolved": "../deepseek-harness/packages/core/agent-loop",
      "link": true
    },
    "node_modules/@deepseek-ai/dsh-commands": {
      "resolved": "../deepseek-harness/packages/interaction/commands",
      "link": true
    },
    "node_modules/@deepseek-ai/dsh-session": {
      "resolved": "../deepseek-harness/packages/core/session",
      "link": true
    },
    "node_modules/@deepseek-ai/dsh-system-prompt": {
      "resolved": "../deepseek-harness/packages/core/system-prompt",
      "link": true
    },
    "node_modules/@deepseek-ai/dsh-tools": {
      "resolved": "../deepseek-harness/packages/core/tools",
      "link": true
    },
    "node_modules/@deepseek-ai/schemastery": {
      "resolved": "../deepseek-harness/vendor/schemastery",
      "link": true
    },
    "node_modules/@types/node": {
      "version": "26.2.0",
      "resolved": "https://registry.npmmirror.com/@types/node/-/node-26.2.0.tgz",
      "integrity": "sha512-5IviulTZeRNp2vAJ514cc/HUlY5nZ9fCbq9DMyC52BrhFZACo3nI0R7qBxhQmo/d27NFe96ur/b7Wwxklda+kg==",
      "dev": true,
      "license": "MIT",
      "dependencies": {
        "undici-types": "~8.3.0"
      }
    },
    "node_modules/@types/ws": {
      "version": "8.18.1",
      "resolved": "https://registry.npmmirror.com/@types/ws/-/ws-8.18.1.tgz",
      "integrity": "sha512-ThVF6DCVhA8kUGy+aazFQ4kXQ7E1Ty7A3ypFOe0IcJV8O/M511G99AW24irKrW56Wt44yG9+ij8FaqoBGkuBXg==",
      "dev": true,
      "license": "MIT",
      "dependencies": {
        "@types/node": "*"
      }
    },
    "node_modules/typescript": {
      "version": "5.9.3",
      "resolved": "https://registry.npmmirror.com/typescript/-/typescript-5.9.3.tgz",
      "integrity": "sha512-jl1vZzPDinLr9eUt3J/t7V6FgNEw9QjvBPdysz9KfQDD41fQrC2Y4vKQdiaUpFT4bXlb1RHhLpp8wtm6M5TgSw==",
      "dev": true,
      "license": "Apache-2.0",
      "bin": {
        "tsc": "bin/tsc",
        "tsserver": "bin/tsserver"
      },
      "engines": {
        "node": ">=14.17"
      }
    },
    "node_modules/undici-types": {
      "version": "8.3.0",
      "resolved": "https://registry.npmmirror.com/undici-types/-/undici-types-8.3.0.tgz",
      "integrity": "sha512-j375ScV60dom+YkPFIfTLcOiPxkN/buHz5GobjLhixFuANaNs3C9l4GmrWqejgXWJ7BbJcFYpTEUkS1Ge8bpZQ==",
      "dev": true,
      "license": "MIT"
    },
    "node_modules/ws": {
      "version": "8.21.3",
      "resolved": "https://registry.npmmirror.com/ws/-/ws-8.21.3.tgz",
      "integrity": "sha512-201TZ/kPWxoPr/OKWjquZR1SWKXcvxdH+e1xrx89b3YbmzLMFCLfnaG1HFIgWzJOEWZ7MvpK++odZufgYR50Rw==",
      "license": "MIT",
      "engines": {
        "node": ">=10.0.0"
      },
      "peerDependencies": {
        "bufferutil": "^4.0.1",
        "utf-8-validate": ">=5.0.2"
      },
      "peerDependenciesMeta": {
        "bufferutil": {
          "optional": true
        },
        "utf-8-validate": {
          "optional": true
        }
      }
    },
    "node_modules/zod": {
      "version": "4.4.3",
      "resolved": "https://registry.npmmirror.com/zod/-/zod-4.4.3.tgz",
      "integrity": "sha512-ytENFjIJFl2UwYglde2jchW2Hwm4GJFLDiSXWdTrJQBIN9Fcyp7n4DhxJEiWNAJMV1/BqWfW/kkg71UDcHJyTQ==",
      "dev": true,
      "license": "MIT",
      "funding": {
        "url": "https://github.com/sponsors/colinhacks"
      }
    }
  }
}
